// !$*UTF8*$!
{
	archiveVersion = 1;
	classes = {
	};
	objectVersion = 51;
	objects = {

/* Begin PBXBuildFile section */
		177F0E468D10CA61C731D5EE /* Pods_RxSwiftOperators.framework in Frameworks */ = {isa = PBXBuildFile; fileRef = CD9A32B1E04874E79A3B07B0 /* Pods_RxSwiftOperators.framework */; };
		7B64E706260A1AD000FE7DAD /* SampleViewController.swift in Sources */ = {isa = PBXBuildFile; fileRef = 7B64E705260A1AD000FE7DAD /* SampleViewController.swift */; };
		7B64E709260A1D2C00FE7DAD /* SkipViewController.swift in Sources */ = {isa = PBXBuildFile; fileRef = 7B64E708260A1D2C00FE7DAD /* SkipViewController.swift */; };
		7B64E70C260A1F0C00FE7DAD /* SkipWhileViewController.swift in Sources */ = {isa = PBXBuildFile; fileRef = 7B64E70B260A1F0C00FE7DAD /* SkipWhileViewController.swift */; };
		7B64E70F260A208100FE7DAD /* SkipUntilViewController.swift in Sources */ = {isa = PBXBuildFile; fileRef = 7B64E70E260A208000FE7DAD /* SkipUntilViewController.swift */; };
		7B64E712260A22DF00FE7DAD /* TakeViewController.swift in Sources */ = {isa = PBXBuildFile; fileRef = 7B64E711260A22DF00FE7DAD /* TakeViewController.swift */; };
		7B64E715260A234A00FE7DAD /* TakeWhileViewController.swift in Sources */ = {isa = PBXBuildFile; fileRef = 7B64E714260A234A00FE7DAD /* TakeWhileViewController.swift */; };
		7B64E718260A240D00FE7DAD /* TakeUntilViewController.swift in Sources */ = {isa = PBXBuildFile; fileRef = 7B64E717260A240D00FE7DAD /* TakeUntilViewController.swift */; };
		7B64E71C260A264F00FE7DAD /* CombineLatestViewController.swift in Sources */ = {isa = PBXBuildFile; fileRef = 7B64E71B260A264F00FE7DAD /* CombineLatestViewController.swift */; };
		7B64E720260A28FB00FE7DAD /* WithLatestFromViewController.swift in Sources */ = {isa = PBXBuildFile; fileRef = 7B64E71F260A28FB00FE7DAD /* WithLatestFromViewController.swift */; };
		F3F6D7E32608E8FE00C9D995 /* AppDelegate.swift in Sources */ = {isa = PBXBuildFile; fileRef = F3F6D7E22608E8FE00C9D995 /* AppDelegate.swift */; };
		F3F6D7E52608E8FE00C9D995 /* SceneDelegate.swift in Sources */ = {isa = PBXBuildFile; fileRef = F3F6D7E42608E8FE00C9D995 /* SceneDelegate.swift */; };
		F3F6D7E72608E8FE00C9D995 /* ViewController.swift in Sources */ = {isa = PBXBuildFile; fileRef = F3F6D7E62608E8FE00C9D995 /* ViewController.swift */; };
		F3F6D7EA2608E8FE00C9D995 /* Main.storyboard in Resources */ = {isa = PBXBuildFile; fileRef = F3F6D7E82608E8FE00C9D995 /* Main.storyboard */; };
		F3F6D7EC2608E8FF00C9D995 /* Assets.xcassets in Resources */ = {isa = PBXBuildFile; fileRef = F3F6D7EB2608E8FF00C9D995 /* Assets.xcassets */; };
		F3F6D7EF2608E8FF00C9D995 /* LaunchScreen.storyboard in Resources */ = {isa = PBXBuildFile; fileRef = F3F6D7ED2608E8FF00C9D995 /* LaunchScreen.storyboard */; };
		F3F6D7F82608E9DD00C9D995 /* Items.swift in Sources */ = {isa = PBXBuildFile; fileRef = F3F6D7F72608E9DD00C9D995 /* Items.swift */; };
		F3F6D7FD2608EE6500C9D995 /* DebounceViewController.swift in Sources */ = {isa = PBXBuildFile; fileRef = F3F6D7FC2608EE6500C9D995 /* DebounceViewController.swift */; };
		F3F6D8082608F39C00C9D995 /* ThrottleViewController.swift in Sources */ = {isa = PBXBuildFile; fileRef = F3F6D8072608F39C00C9D995 /* ThrottleViewController.swift */; };
		F3F6D80B2608FA9A00C9D995 /* DistinctUntilChangedViewController.swift in Sources */ = {isa = PBXBuildFile; fileRef = F3F6D80A2608FA9A00C9D995 /* DistinctUntilChangedViewController.swift */; };
		F3F6D80E2608FDB900C9D995 /* ElementAtViewController.swift in Sources */ = {isa = PBXBuildFile; fileRef = F3F6D80D2608FDB900C9D995 /* ElementAtViewController.swift */; };
		F3F6D8112609005C00C9D995 /* FilterViewController.swift in Sources */ = {isa = PBXBuildFile; fileRef = F3F6D8102609005C00C9D995 /* FilterViewController.swift */; };
		F3F6D814260902AB00C9D995 /* FirstViewController.swift in Sources */ = {isa = PBXBuildFile; fileRef = F3F6D813260902AB00C9D995 /* FirstViewController.swift */; };
		F3F6D8172609074800C9D995 /* IgnoreViewController.swift in Sources */ = {isa = PBXBuildFile; fileRef = F3F6D8162609074800C9D995 /* IgnoreViewController.swift */; };
		F3F6D81F260A3EC100C9D995 /* MergeViewController.swift in Sources */ = {isa = PBXBuildFile; fileRef = F3F6D81E260A3EC100C9D995 /* MergeViewController.swift */; };
		F3F6D822260A42BF00C9D995 /* SwitchLatestViewController.swift in Sources */ = {isa = PBXBuildFile; fileRef = F3F6D821260A42BF00C9D995 /* SwitchLatestViewController.swift */; };
		F3F6D825260A457600C9D995 /* ZipViewController.swift in Sources */ = {isa = PBXBuildFile; fileRef = F3F6D824260A457600C9D995 /* ZipViewController.swift */; };
		F3F6D828260A473300C9D995 /* ConcatViewController.swift in Sources */ = {isa = PBXBuildFile; fileRef = F3F6D827260A473300C9D995 /* ConcatViewController.swift */; };
		F3F6D82B260A483D00C9D995 /* AmbViewController.swift in Sources */ = {isa = PBXBuildFile; fileRef = F3F6D82A260A483D00C9D995 /* AmbViewController.swift */; };
		F3F6D82E260A497B00C9D995 /* StartWithViewController.swift in Sources */ = {isa = PBXBuildFile; fileRef = F3F6D82D260A497B00C9D995 /* StartWithViewController.swift */; };
/* End PBXBuildFile section */

/* Begin PBXFileReference section */
		10848C7397F92CA4B4B22539 /* Pods-RxSwiftOperators.debug.xcconfig */ = {isa = PBXFileReference; includeInIndex = 1; lastKnownFileType = text.xcconfig; name = "Pods-RxSwiftOperators.debug.xcconfig"; path = "Target Support Files/Pods-RxSwiftOperators/Pods-RxSwiftOperators.debug.xcconfig"; sourceTree = "<group>"; };
		7B64E705260A1AD000FE7DAD /* SampleViewController.swift */ = {isa = PBXFileReference; lastKnownFileType = sourcecode.swift; path = SampleViewController.swift; sourceTree = "<group>"; };
		7B64E708260A1D2C00FE7DAD /* SkipViewController.swift */ = {isa = PBXFileReference; lastKnownFileType = sourcecode.swift; path = SkipViewController.swift; sourceTree = "<group>"; };
		7B64E70B260A1F0C00FE7DAD /* SkipWhileViewController.swift */ = {isa = PBXFileReference; lastKnownFileType = sourcecode.swift; path = SkipWhileViewController.swift; sourceTree = "<group>"; };
		7B64E70E260A208000FE7DAD /* SkipUntilViewController.swift */ = {isa = PBXFileReference; lastKnownFileType = sourcecode.swift; path = SkipUntilViewController.swift; sourceTree = "<group>"; };
		7B64E711260A22DF00FE7DAD /* TakeViewController.swift */ = {isa = PBXFileReference; lastKnownFileType = sourcecode.swift; path = TakeViewController.swift; sourceTree = "<group>"; };
		7B64E714260A234A00FE7DAD /* TakeWhileViewController.swift */ = {isa = PBXFileReference; lastKnownFileType = sourcecode.swift; path = TakeWhileViewController.swift; sourceTree = "<group>"; };
		7B64E717260A240D00FE7DAD /* TakeUntilViewController.swift */ = {isa = PBXFileReference; lastKnownFileType = sourcecode.swift; path = TakeUntilViewController.swift; sourceTree = "<group>"; };
		7B64E71B260A264F00FE7DAD /* CombineLatestViewController.swift */ = {isa = PBXFileReference; lastKnownFileType = sourcecode.swift; path = CombineLatestViewController.swift; sourceTree = "<group>"; };
		7B64E71F260A28FB00FE7DAD /* WithLatestFromViewController.swift */ = {isa = PBXFileReference; lastKnownFileType = sourcecode.swift; path = WithLatestFromViewController.swift; sourceTree = "<group>"; };
		970FAE176FA9F25444462818 /* Pods-RxSwiftOperators.release.xcconfig */ = {isa = PBXFileReference; includeInIndex = 1; lastKnownFileType = text.xcconfig; name = "Pods-RxSwiftOperators.release.xcconfig"; path = "Target Support Files/Pods-RxSwiftOperators/Pods-RxSwiftOperators.release.xcconfig"; sourceTree = "<group>"; };
		CD9A32B1E04874E79A3B07B0 /* Pods_RxSwiftOperators.framework */ = {isa = PBXFileReference; explicitFileType = wrapper.framework; includeInIndex = 0; path = Pods_RxSwiftOperators.framework; sourceTree = BUILT_PRODUCTS_DIR; };
		F3F6D7DF2608E8FE00C9D995 /* RxSwiftOperators.app */ = {isa = PBXFileReference; explicitFileType = wrapper.application; includeInIndex = 0; path = RxSwiftOperators.app; sourceTree = BUILT_PRODUCTS_DIR; };
		F3F6D7E22608E8FE00C9D995 /* AppDelegate.swift */ = {isa = PBXFileReference; lastKnownFileType = sourcecode.swift; path = AppDelegate.swift; sourceTree = "<group>"; };
		F3F6D7E42608E8FE00C9D995 /* SceneDelegate.swift */ = {isa = PBXFileReference; lastKnownFileType = sourcecode.swift; path = SceneDelegate.swift; sourceTree = "<group>"; };
		F3F6D7E62608E8FE00C9D995 /* ViewController.swift */ = {isa = PBXFileReference; lastKnownFileType = sourcecode.swift; path = ViewController.swift; sourceTree = "<group>"; };
		F3F6D7E92608E8FE00C9D995 /* Base */ = {isa = PBXFileReference; lastKnownFileType = file.storyboard; name = Base; path = Base.lproj/Main.storyboard; sourceTree = "<group>"; };
		F3F6D7EB2608E8FF00C9D995 /* Assets.xcassets */ = {isa = PBXFileReference; lastKnownFileType = folder.assetcatalog; path = Assets.xcassets; sourceTree = "<group>"; };
		F3F6D7EE2608E8FF00C9D995 /* Base */ = {isa = PBXFileReference; lastKnownFileType = file.storyboard; name = Base; path = Base.lproj/LaunchScreen.storyboard; sourceTree = "<group>"; };
		F3F6D7F02608E8FF00C9D995 /* Info.plist */ = {isa = PBXFileReference; lastKnownFileType = text.plist.xml; path = Info.plist; sourceTree = "<group>"; };
		F3F6D7F72608E9DD00C9D995 /* Items.swift */ = {isa = PBXFileReference; lastKnownFileType = sourcecode.swift; path = Items.swift; sourceTree = "<group>"; };
		F3F6D7FC2608EE6500C9D995 /* DebounceViewController.swift */ = {isa = PBXFileReference; lastKnownFileType = sourcecode.swift; path = DebounceViewController.swift; sourceTree = "<group>"; };
		F3F6D8072608F39C00C9D995 /* ThrottleViewController.swift */ = {isa = PBXFileReference; lastKnownFileType = sourcecode.swift; path = ThrottleViewController.swift; sourceTree = "<group>"; };
		F3F6D80A2608FA9A00C9D995 /* DistinctUntilChangedViewController.swift */ = {isa = PBXFileReference; lastKnownFileType = sourcecode.swift; path = DistinctUntilChangedViewController.swift; sourceTree = "<group>"; };
		F3F6D80D2608FDB900C9D995 /* ElementAtViewController.swift */ = {isa = PBXFileReference; lastKnownFileType = sourcecode.swift; path = ElementAtViewController.swift; sourceTree = "<group>"; };
		F3F6D8102609005C00C9D995 /* FilterViewController.swift */ = {isa = PBXFileReference; lastKnownFileType = sourcecode.swift; path = FilterViewController.swift; sourceTree = "<group>"; };
		F3F6D813260902AB00C9D995 /* FirstViewController.swift */ = {isa = PBXFileReference; lastKnownFileType = sourcecode.swift; path = FirstViewController.swift; sourceTree = "<group>"; };
		F3F6D8162609074800C9D995 /* IgnoreViewController.swift */ = {isa = PBXFileReference; lastKnownFileType = sourcecode.swift; path = IgnoreViewController.swift; sourceTree = "<group>"; };
		F3F6D81E260A3EC100C9D995 /* MergeViewController.swift */ = {isa = PBXFileReference; lastKnownFileType = sourcecode.swift; path = MergeViewController.swift; sourceTree = "<group>"; };
		F3F6D821260A42BF00C9D995 /* SwitchLatestViewController.swift */ = {isa = PBXFileReference; lastKnownFileType = sourcecode.swift; path = SwitchLatestViewController.swift; sourceTree = "<group>"; };
		F3F6D824260A457600C9D995 /* ZipViewController.swift */ = {isa = PBXFileReference; lastKnownFileType = sourcecode.swift; path = ZipViewController.swift; sourceTree = "<group>"; };
		F3F6D827260A473300C9D995 /* ConcatViewController.swift */ = {isa = PBXFileReference; lastKnownFileType = sourcecode.swift; path = ConcatViewController.swift; sourceTree = "<group>"; };
		F3F6D82A260A483D00C9D995 /* AmbViewController.swift */ = {isa = PBXFileReference; lastKnownFileType = sourcecode.swift; path = AmbViewController.swift; sourceTree = "<group>"; };
		F3F6D82D260A497B00C9D995 /* StartWithViewController.swift */ = {isa = PBXFileReference; lastKnownFileType = sourcecode.swift; path = StartWithViewController.swift; sourceTree = "<group>"; };
/* End PBXFileReference section */

/* Begin PBXFrameworksBuildPhase section */
		F3F6D7DC2608E8FE00C9D995 /* Frameworks */ = {
			isa = PBXFrameworksBuildPhase;
			buildActionMask = 2147483647;
			files = (
				177F0E468D10CA61C731D5EE /* Pods_RxSwiftOperators.framework in Frameworks */,
			);
			runOnlyForDeploymentPostprocessing = 0;
		};
/* End PBXFrameworksBuildPhase section */

/* Begin PBXGroup section */
		7B64E71A260A263B00FE7DAD /* Combining */ = {
			isa = PBXGroup;
			children = (
				7B64E71B260A264F00FE7DAD /* CombineLatestViewController.swift */,
				7B64E71F260A28FB00FE7DAD /* WithLatestFromViewController.swift */,
				F3F6D81E260A3EC100C9D995 /* MergeViewController.swift */,
				F3F6D821260A42BF00C9D995 /* SwitchLatestViewController.swift */,
				F3F6D824260A457600C9D995 /* ZipViewController.swift */,
				F3F6D827260A473300C9D995 /* ConcatViewController.swift */,
				F3F6D82A260A483D00C9D995 /* AmbViewController.swift */,
				F3F6D82D260A497B00C9D995 /* StartWithViewController.swift */,
			);
			path = Combining;
			sourceTree = "<group>";
		};
		7BAA201CADC27BE67AD7C194 /* Frameworks */ = {
			isa = PBXGroup;
			children = (
				CD9A32B1E04874E79A3B07B0 /* Pods_RxSwiftOperators.framework */,
			);
			name = Frameworks;
			sourceTree = "<group>";
		};
		E992D32B745AB0B1B07363CE /* Pods */ = {
			isa = PBXGroup;
			children = (
				10848C7397F92CA4B4B22539 /* Pods-RxSwiftOperators.debug.xcconfig */,
				970FAE176FA9F25444462818 /* Pods-RxSwiftOperators.release.xcconfig */,
			);
			path = Pods;
			sourceTree = "<group>";
		};
		F3F6D7D62608E8FE00C9D995 = {
			isa = PBXGroup;
			children = (
				F3F6D7E12608E8FE00C9D995 /* RxSwiftOperators */,
				F3F6D7E02608E8FE00C9D995 /* Products */,
				E992D32B745AB0B1B07363CE /* Pods */,
				7BAA201CADC27BE67AD7C194 /* Frameworks */,
			);
			sourceTree = "<group>";
		};
		F3F6D7E02608E8FE00C9D995 /* Products */ = {
			isa = PBXGroup;
			children = (
				F3F6D7DF2608E8FE00C9D995 /* RxSwiftOperators.app */,
			);
			name = Products;
			sourceTree = "<group>";
		};
		F3F6D7E12608E8FE00C9D995 /* RxSwiftOperators */ = {
			isa = PBXGroup;
			children = (
				F3F6D7E22608E8FE00C9D995 /* AppDelegate.swift */,
				F3F6D7E42608E8FE00C9D995 /* SceneDelegate.swift */,
				F3F6D7E62608E8FE00C9D995 /* ViewController.swift */,
				F3F6D7FF2608EE6900C9D995 /* Filtering */,
				7B64E71A260A263B00FE7DAD /* Combining */,
				F3F6D7E82608E8FE00C9D995 /* Main.storyboard */,
				F3F6D7EB2608E8FF00C9D995 /* Assets.xcassets */,
				F3F6D7ED2608E8FF00C9D995 /* LaunchScreen.storyboard */,
				F3F6D7F02608E8FF00C9D995 /* Info.plist */,
				F3F6D7F72608E9DD00C9D995 /* Items.swift */,
			);
			path = RxSwiftOperators;
			sourceTree = "<group>";
		};
		F3F6D7FF2608EE6900C9D995 /* Filtering */ = {
			isa = PBXGroup;
			children = (
				F3F6D7FC2608EE6500C9D995 /* DebounceViewController.swift */,
				F3F6D8072608F39C00C9D995 /* ThrottleViewController.swift */,
				F3F6D80A2608FA9A00C9D995 /* DistinctUntilChangedViewController.swift */,
				F3F6D80D2608FDB900C9D995 /* ElementAtViewController.swift */,
				F3F6D8102609005C00C9D995 /* FilterViewController.swift */,
				F3F6D813260902AB00C9D995 /* FirstViewController.swift */,
				F3F6D8162609074800C9D995 /* IgnoreViewController.swift */,
				7B64E705260A1AD000FE7DAD /* SampleViewController.swift */,
				7B64E708260A1D2C00FE7DAD /* SkipViewController.swift */,
				7B64E70B260A1F0C00FE7DAD /* SkipWhileViewController.swift */,
				7B64E70E260A208000FE7DAD /* SkipUntilViewController.swift */,
				7B64E711260A22DF00FE7DAD /* TakeViewController.swift */,
				7B64E714260A234A00FE7DAD /* TakeWhileViewController.swift */,
				7B64E717260A240D00FE7DAD /* TakeUntilViewController.swift */,
			);
			path = Filtering;
			sourceTree = "<group>";
		};
/* End PBXGroup section */

/* Begin PBXNativeTarget section */
		F3F6D7DE2608E8FE00C9D995 /* RxSwiftOperators */ = {
			isa = PBXNativeTarget;
			buildConfigurationList = F3F6D7F32608E8FF00C9D995 /* Build configuration list for PBXNativeTarget "RxSwiftOperators" */;
			buildPhases = (
				0E6823A29D9971F1078846AE /* [CP] Check Pods Manifest.lock */,
				F3F6D7DB2608E8FE00C9D995 /* Sources */,
				F3F6D7DC2608E8FE00C9D995 /* Frameworks */,
				F3F6D7DD2608E8FE00C9D995 /* Resources */,
				4CC53B4C6037BB81C3EF91CD /* [CP] Embed Pods Frameworks */,
			);
			buildRules = (
			);
			dependencies = (
			);
			name = RxSwiftOperators;
			productName = RxSwiftOperators;
			productReference = F3F6D7DF2608E8FE00C9D995 /* RxSwiftOperators.app */;
			productType = "com.apple.product-type.application";
		};
/* End PBXNativeTarget section */

/* Begin PBXProject section */
		F3F6D7D72608E8FE00C9D995 /* Project object */ = {
			isa = PBXProject;
			attributes = {
				LastSwiftUpdateCheck = 1240;
				LastUpgradeCheck = 1240;
				TargetAttributes = {
					F3F6D7DE2608E8FE00C9D995 = {
						CreatedOnToolsVersion = 12.4;
					};
				};
			};
			buildConfigurationList = F3F6D7DA2608E8FE00C9D995 /* Build configuration list for PBXProject "RxSwiftOperators" */;
			compatibilityVersion = "Xcode 9.3";
			developmentRegion = en;
			hasScannedForEncodings = 0;
			knownRegions = (
				en,
				Base,
			);
			mainGroup = F3F6D7D62608E8FE00C9D995;
			productRefGroup = F3F6D7E02608E8FE00C9D995 /* Products */;
			projectDirPath = "";
			projectRoot = "";
			targets = (
				F3F6D7DE2608E8FE00C9D995 /* RxSwiftOperators */,
			);
		};
/* End PBXProject section */

/* Begin PBXResourcesBuildPhase section */
		F3F6D7DD2608E8FE00C9D995 /* Resources */ = {
			isa = PBXResourcesBuildPhase;
			buildActionMask = 2147483647;
			files = (
				F3F6D7EF2608E8FF00C9D995 /* LaunchScreen.storyboard in Resources */,
				F3F6D7EC2608E8FF00C9D995 /* Assets.xcassets in Resources */,
				F3F6D7EA2608E8FE00C9D995 /* Main.storyboard in Resources */,
			);
			runOnlyForDeploymentPostprocessing = 0;
		};
/* End PBXResourcesBuildPhase section */

/* Begin PBXShellScriptBuildPhase section */
		0E6823A29D9971F1078846AE /* [CP] Check Pods Manifest.lock */ = {
			isa = PBXShellScriptBuildPhase;
			buildActionMask = 2147483647;
			files = (
			);
			inputFileListPaths = (
			);
			inputPaths = (
				"${PODS_PODFILE_DIR_PATH}/Podfile.lock",
				"${PODS_ROOT}/Manifest.lock",
			);
			name = "[CP] Check Pods Manifest.lock";
			outputFileListPaths = (
			);
			outputPaths = (
				"$(DERIVED_FILE_DIR)/Pods-RxSwiftOperators-checkManifestLockResult.txt",
			);
			runOnlyForDeploymentPostprocessing = 0;
			shellPath = /bin/sh;
			shellScript = "diff \"${PODS_PODFILE_DIR_PATH}/Podfile.lock\" \"${PODS_ROOT}/Manifest.lock\" > /dev/null\nif [ $? != 0 ] ; then\n    # print error to STDERR\n    echo \"error: The sandbox is not in sync with the Podfile.lock. Run 'pod install' or update your CocoaPods installation.\" >&2\n    exit 1\nfi\n# This output is used by Xcode 'outputs' to avoid re-running this script phase.\necho \"SUCCESS\" > \"${SCRIPT_OUTPUT_FILE_0}\"\n";
			showEnvVarsInLog = 0;
		};
		4CC53B4C6037BB81C3EF91CD /* [CP] Embed Pods Frameworks */ = {
			isa = PBXShellScriptBuildPhase;
			buildActionMask = 2147483647;
			files = (
			);
			inputFileListPaths = (
				"${PODS_ROOT}/Target Support Files/Pods-RxSwiftOperators/Pods-RxSwiftOperators-frameworks-${CONFIGURATION}-input-files.xcfilelist",
			);
			name = "[CP] Embed Pods Frameworks";
			outputFileListPaths = (
				"${PODS_ROOT}/Target Support Files/Pods-RxSwiftOperators/Pods-RxSwiftOperators-frameworks-${CONFIGURATION}-output-files.xcfilelist",
			);
			runOnlyForDeploymentPostprocessing = 0;
			shellPath = /bin/sh;
			shellScript = "\"${PODS_ROOT}/Target Support Files/Pods-RxSwiftOperators/Pods-RxSwiftOperators-frameworks.sh\"\n";
			showEnvVarsInLog = 0;
		};
/* End PBXShellScriptBuildPhase section */

/* Begin PBXSourcesBuildPhase section */
		F3F6D7DB2608E8FE00C9D995 /* Sources */ = {
			isa = PBXSourcesBuildPhase;
			buildActionMask = 2147483647;
			files = (
				F3F6D822260A42BF00C9D995 /* SwitchLatestViewController.swift in Sources */,
				F3F6D7F82608E9DD00C9D995 /* Items.swift in Sources */,
				7B64E70C260A1F0C00FE7DAD /* SkipWhileViewController.swift in Sources */,
				7B64E715260A234A00FE7DAD /* TakeWhileViewController.swift in Sources */,
				F3F6D80B2608FA9A00C9D995 /* DistinctUntilChangedViewController.swift in Sources */,
				7B64E706260A1AD000FE7DAD /* SampleViewController.swift in Sources */,
				F3F6D7E72608E8FE00C9D995 /* ViewController.swift in Sources */,
				F3F6D8112609005C00C9D995 /* FilterViewController.swift in Sources */,
				F3F6D825260A457600C9D995 /* ZipViewController.swift in Sources */,
				F3F6D7E32608E8FE00C9D995 /* AppDelegate.swift in Sources */,
				7B64E712260A22DF00FE7DAD /* TakeViewController.swift in Sources */,
				F3F6D82E260A497B00C9D995 /* StartWithViewController.swift in Sources */,
				F3F6D81F260A3EC100C9D995 /* MergeViewController.swift in Sources */,
				F3F6D82B260A483D00C9D995 /* AmbViewController.swift in Sources */,
				F3F6D828260A473300C9D995 /* ConcatViewController.swift in Sources */,
				F3F6D814260902AB00C9D995 /* FirstViewController.swift in Sources */,
				F3F6D8172609074800C9D995 /* IgnoreViewController.swift in Sources */,
				7B64E70F260A208100FE7DAD /* SkipUntilViewController.swift in Sources */,
				F3F6D7FD2608EE6500C9D995 /* DebounceViewController.swift in Sources */,
				7B64E71C260A264F00FE7DAD /* CombineLatestViewController.swift in Sources */,
				7B64E709260A1D2C00FE7DAD /* SkipViewController.swift in Sources */,
				7B64E718260A240D00FE7DAD /* TakeUntilViewController.swift in Sources */,
				F3F6D8082608F39C00C9D995 /* ThrottleViewController.swift in Sources */,
				7B64E720260A28FB00FE7DAD /* WithLatestFromViewController.swift in Sources */,
				F3F6D80E2608FDB900C9D995 /* ElementAtViewController.swift in Sources */,
				F3F6D7E52608E8FE00C9D995 /* SceneDelegate.swift in Sources */,
			);
			runOnlyForDeploymentPostprocessing = 0;
		};
/* End PBXSourcesBuildPhase section */

/* Begin PBXVariantGroup section */
		F3F6D7E82608E8FE00C9D995 /* Main.storyboard */ = {
			isa = PBXVariantGroup;
			children = (
				F3F6D7E92608E8FE00C9D995 /* Base */,
			);
			name = Main.storyboard;
			sourceTree = "<group>";
		};
		F3F6D7ED2608E8FF00C9D995 /* LaunchScreen.storyboard */ = {
			isa = PBXVariantGroup;
			children = (
				F3F6D7EE2608E8FF00C9D995 /* Base */,
			);
			name = LaunchScreen.storyboard;
			sourceTree = "<group>";
		};
/* End PBXVariantGroup section */

/* Begin XCBuildConfiguration section */
		F3F6D7F12608E8FF00C9D995 /* Debug */ = {
			isa = XCBuildConfiguration;
			buildSettings = {
				ALWAYS_SEARCH_USER_PATHS = NO;
				CLANG_ANALYZER_NONNULL = YES;
				CLANG_ANALYZER_NUMBER_OBJECT_CONVERSION = YES_AGGRESSIVE;
				CLANG_CXX_LANGUAGE_STANDARD = "gnu++14";
				CLANG_CXX_LIBRARY = "libc++";
				CLANG_ENABLE_MODULES = YES;
				CLANG_ENABLE_OBJC_ARC = YES;
				CLANG_ENABLE_OBJC_WEAK = YES;
				CLANG_WARN_BLOCK_CAPTURE_AUTORELEASING = YES;
				CLANG_WARN_BOOL_CONVERSION = YES;
				CLANG_WARN_COMMA = YES;
				CLANG_WARN_CONSTANT_CONVERSION = YES;
				CLANG_WARN_DEPRECATED_OBJC_IMPLEMENTATIONS = YES;
				CLANG_WARN_DIRECT_OBJC_ISA_USAGE = YES_ERROR;
				CLANG_WARN_DOCUMENTATION_COMMENTS = YES;
				CLANG_WARN_EMPTY_BODY = YES;
				CLANG_WARN_ENUM_CONVERSION = YES;
				CLANG_WARN_INFINITE_RECURSION = YES;
				CLANG_WARN_INT_CONVERSION = YES;
				CLANG_WARN_NON_LITERAL_NULL_CONVERSION = YES;
				CLANG_WARN_OBJC_IMPLICIT_RETAIN_SELF = YES;
				CLANG_WARN_OBJC_LITERAL_CONVERSION = YES;
				CLANG_WARN_OBJC_ROOT_CLASS = YES_ERROR;
				CLANG_WARN_QUOTED_INCLUDE_IN_FRAMEWORK_HEADER = YES;
				CLANG_WARN_RANGE_LOOP_ANALYSIS = YES;
				CLANG_WARN_STRICT_PROTOTYPES = YES;
				CLANG_WARN_SUSPICIOUS_MOVE = YES;
				CLANG_WARN_UNGUARDED_AVAILABILITY = YES_AGGRESSIVE;
				CLANG_WARN_UNREACHABLE_CODE = YES;
				CLANG_WARN__DUPLICATE_METHOD_MATCH = YES;
				COPY_PHASE_STRIP = NO;
				DEBUG_INFORMATION_FORMAT = dwarf;
				ENABLE_STRICT_OBJC_MSGSEND = YES;
				ENABLE_TESTABILITY = YES;
				GCC_C_LANGUAGE_STANDARD = gnu11;
				GCC_DYNAMIC_NO_PIC = NO;
				GCC_NO_COMMON_BLOCKS = YES;
				GCC_OPTIMIZATION_LEVEL = 0;
				GCC_PREPROCESSOR_DEFINITIONS = (
					"DEBUG=1",
					"$(inherited)",
				);
				GCC_WARN_64_TO_32_BIT_CONVERSION = YES;
				GCC_WARN_ABOUT_RETURN_TYPE = YES_ERROR;
				GCC_WARN_UNDECLARED_SELECTOR = YES;
				GCC_WARN_UNINITIALIZED_AUTOS = YES_AGGRESSIVE;
				GCC_WARN_UNUSED_FUNCTION = YES;
				GCC_WARN_UNUSED_VARIABLE = YES;
				IPHONEOS_DEPLOYMENT_TARGET = 14.3;
				MTL_ENABLE_DEBUG_INFO = INCLUDE_SOURCE;
				MTL_FAST_MATH = YES;
				ONLY_ACTIVE_ARCH = YES;
				SDKROOT = iphoneos;
				SWIFT_ACTIVE_COMPILATION_CONDITIONS = DEBUG;
				SWIFT_OPTIMIZATION_LEVEL = "-Onone";
			};
			name = Debug;
		};
		F3F6D7F22608E8FF00C9D995 /* Release */ = {
			isa = XCBuildConfiguration;
			buildSettings = {
				ALWAYS_SEARCH_USER_PATHS = NO;
				CLANG_ANALYZER_NONNULL = YES;
				CLANG_ANALYZER_NUMBER_OBJECT_CONVERSION = YES_AGGRESSIVE;
				CLANG_CXX_LANGUAGE_STANDARD = "gnu++14";
				CLANG_CXX_LIBRARY = "libc++";
				CLANG_ENABLE_MODULES = YES;
				CLANG_ENABLE_OBJC_ARC = YES;
				CLANG_ENABLE_OBJC_WEAK = YES;
				CLANG_WARN_BLOCK_CAPTURE_AUTORELEASING = YES;
				CLANG_WARN_BOOL_CONVERSION = YES;
				CLANG_WARN_COMMA = YES;
				CLANG_WARN_CONSTANT_CONVERSION = YES;
				CLANG_WARN_DEPRECATED_OBJC_IMPLEMENTATIONS = YES;
				CLANG_WARN_DIRECT_OBJC_ISA_USAGE = YES_ERROR;
				CLANG_WARN_DOCUMENTATION_COMMENTS = YES;
				CLANG_WARN_EMPTY_BODY = YES;
				CLANG_WARN_ENUM_CONVERSION = YES;
				CLANG_WARN_INFINITE_RECURSION = YES;
				CLANG_WARN_INT_CONVERSION = YES;
				CLANG_WARN_NON_LITERAL_NULL_CONVERSION = YES;
				CLANG_WARN_OBJC_IMPLICIT_RETAIN_SELF = YES;
				CLANG_WARN_OBJC_LITERAL_CONVERSION = YES;
				CLANG_WARN_OBJC_ROOT_CLASS = YES_ERROR;
				CLANG_WARN_QUOTED_INCLUDE_IN_FRAMEWORK_HEADER = YES;
				CLANG_WARN_RANGE_LOOP_ANALYSIS = YES;
				CLANG_WARN_STRICT_PROTOTYPES = YES;
				CLANG_WARN_SUSPICIOUS_MOVE = YES;
				CLANG_WARN_UNGUARDED_AVAILABILITY = YES_AGGRESSIVE;
				CLANG_WARN_UNREACHABLE_CODE = YES;
				CLANG_WARN__DUPLICATE_METHOD_MATCH = YES;
				COPY_PHASE_STRIP = NO;
				DEBUG_INFORMATION_FORMAT = "dwarf-with-dsym";
				ENABLE_NS_ASSERTIONS = NO;
				ENABLE_STRICT_OBJC_MSGSEND = YES;
				GCC_C_LANGUAGE_STANDARD = gnu11;
				GCC_NO_COMMON_BLOCKS = YES;
				GCC_WARN_64_TO_32_BIT_CONVERSION = YES;
				GCC_WARN_ABOUT_RETURN_TYPE = YES_ERROR;
				GCC_WARN_UNDECLARED_SELECTOR = YES;
				GCC_WARN_UNINITIALIZED_AUTOS = YES_AGGRESSIVE;
				GCC_WARN_UNUSED_FUNCTION = YES;
				GCC_WARN_UNUSED_VARIABLE = YES;
				IPHONEOS_DEPLOYMENT_TARGET = 14.3;
				MTL_ENABLE_DEBUG_INFO = NO;
				MTL_FAST_MATH = YES;
				SDKROOT = iphoneos;
				SWIFT_COMPILATION_MODE = wholemodule;
				SWIFT_OPTIMIZATION_LEVEL = "-O";
				VALIDATE_PRODUCT = YES;
			};
			name = Release;
		};
		F3F6D7F42608E8FF00C9D995 /* Debug */ = {
			isa = XCBuildConfiguration;
			baseConfigurationReference = 10848C7397F92CA4B4B22539 /* Pods-RxSwiftOperators.debug.xcconfig */;
			buildSettings = {
				ASSETCATALOG_COMPILER_APPICON_NAME = AppIcon;
				ASSETCATALOG_COMPILER_GLOBAL_ACCENT_COLOR_NAME = AccentColor;
				CODE_SIGN_STYLE = Automatic;
				DEVELOPMENT_TEAM = T73K8XHDL7;
				INFOPLIST_FILE = RxSwiftOperators/Info.plist;
				LD_RUNPATH_SEARCH_PATHS = (
					"$(inherited)",
					"@executable_path/Frameworks",
				);
				PRODUCT_BUNDLE_IDENTIFIER = com.NOWEAT.RxSwiftOperators;
				PRODUCT_NAME = "$(TARGET_NAME)";
				SWIFT_VERSION = 5.0;
				TARGETED_DEVICE_FAMILY = "1,2";
			};
			name = Debug;
		};
		F3F6D7F52608E8FF00C9D995 /* Release */ = {
			isa = XCBuildConfiguration;
			baseConfigurationReference = 970FAE176FA9F25444462818 /* Pods-RxSwiftOperators.release.xcconfig */;
			buildSettings = {
				ASSETCATALOG_COMPILER_APPICON_NAME = AppIcon;
				ASSETCATALOG_COMPILER_GLOBAL_ACCENT_COLOR_NAME = AccentColor;
				CODE_SIGN_STYLE = Automatic;
				DEVELOPMENT_TEAM = T73K8XHDL7;
				INFOPLIST_FILE = RxSwiftOperators/Info.plist;
				LD_RUNPATH_SEARCH_PATHS = (
					"$(inherited)",
					"@executable_path/Frameworks",
				);
				PRODUCT_BUNDLE_IDENTIFIER = com.NOWEAT.RxSwiftOperators;
				PRODUCT_NAME = "$(TARGET_NAME)";
				SWIFT_VERSION = 5.0;
				TARGETED_DEVICE_FAMILY = "1,2";
			};
			name = Release;
		};
/* End XCBuildConfiguration section */

/* Begin XCConfigurationList section */
		F3F6D7DA2608E8FE00C9D995 /* Build configuration list for PBXProject "RxSwiftOperators" */ = {
			isa = XCConfigurationList;
			buildConfigurations = (
				F3F6D7F12608E8FF00C9D995 /* Debug */,
				F3F6D7F22608E8FF00C9D995 /* Release */,
			);
			defaultConfigurationIsVisible = 0;
			defaultConfigurationName = Release;
		};
		F3F6D7F32608E8FF00C9D995 /* Build configuration list for PBXNativeTarget "RxSwiftOperators" */ = {
			isa = XCConfigurationList;
			buildConfigurations = (
				F3F6D7F42608E8FF00C9D995 /* Debug */,
				F3F6D7F52608E8FF00C9D995 /* Release */,
			);
			defaultConfigurationIsVisible = 0;
			defaultConfigurationName = Release;
		};
/* End XCConfigurationList section */
	};
	rootObject = F3F6D7D72608E8FE00C9D995 /* Project object */;
}
